// !$*UTF8*$!
{
	archiveVersion = 1;
	classes = {
	};
	objectVersion = 50;
	objects = {

/* Begin PBXBuildFile section */
		9B53571021B7AB5A0018AEBB /* AppDelegate.swift in Sources */ = {isa = PBXBuildFile; fileRef = 9B53570F21B7AB5A0018AEBB /* AppDelegate.swift */; };
		9B53571221B7AB5A0018AEBB /* ViewController.swift in Sources */ = {isa = PBXBuildFile; fileRef = 9B53571121B7AB5A0018AEBB /* ViewController.swift */; };
		9B53571521B7AB5A0018AEBB /* Main.storyboard in Resources */ = {isa = PBXBuildFile; fileRef = 9B53571321B7AB5A0018AEBB /* Main.storyboard */; };
		9B53571721B7AB5C0018AEBB /* Assets.xcassets in Resources */ = {isa = PBXBuildFile; fileRef = 9B53571621B7AB5C0018AEBB /* Assets.xcassets */; };
		9B53571A21B7AB5C0018AEBB /* LaunchScreen.storyboard in Resources */ = {isa = PBXBuildFile; fileRef = 9B53571821B7AB5C0018AEBB /* LaunchScreen.storyboard */; };
		9B53572221B7AC040018AEBB /* RolesTableViewController.swift in Sources */ = {isa = PBXBuildFile; fileRef = 9B53572121B7AC040018AEBB /* RolesTableViewController.swift */; };
		9B53572421B7AC150018AEBB /* RoleViewController.swift in Sources */ = {isa = PBXBuildFile; fileRef = 9B53572321B7AC150018AEBB /* RoleViewController.swift */; };
		9B53572621B7B97E0018AEBB /* Pokemon.swift in Sources */ = {isa = PBXBuildFile; fileRef = 9B53572521B7B97E0018AEBB /* Pokemon.swift */; };
/* End PBXBuildFile section */

/* Begin PBXFileReference section */
		9B53570C21B7AB5A0018AEBB /* Pokemom.app */ = {isa = PBXFileReference; explicitFileType = wrapper.application; includeInIndex = 0; path = Pokemom.app; sourceTree = BUILT_PRODUCTS_DIR; };
		9B53570F21B7AB5A0018AEBB /* AppDelegate.swift */ = {isa = PBXFileReference; lastKnownFileType = sourcecode.swift; path = AppDelegate.swift; sourceTree = "<group>"; };
		9B53571121B7AB5A0018AEBB /* ViewController.swift */ = {isa = PBXFileReference; lastKnownFileType = sourcecode.swift; path = ViewController.swift; sourceTree = "<group>"; };
		9B53571421B7AB5A0018AEBB /* Base */ = {isa = PBXFileReference; lastKnownFileType = file.storyboard; name = Base; path = Base.lproj/Main.storyboard; sourceTree = "<group>"; };
		9B53571621B7AB5C0018AEBB /* Assets.xcassets */ = {isa = PBXFileReference; lastKnownFileType = folder.assetcatalog; path = Assets.xcassets; sourceTree = "<group>"; };
		9B53571921B7AB5C0018AEBB /* Base */ = {isa = PBXFileReference; lastKnownFileType = file.storyboard; name = Base; path = Base.lproj/LaunchScreen.storyboard; sourceTree = "<group>"; };
		9B53571B21B7AB5C0018AEBB /* Info.plist */ = {isa = PBXFileReference; lastKnownFileType = text.plist.xml; path = Info.plist; sourceTree = "<group>"; };
		9B53572121B7AC040018AEBB /* RolesTableViewController.swift */ = {isa = PBXFileReference; lastKnownFileType = sourcecode.swift; path = RolesTableViewController.swift; sourceTree = "<group>"; };
		9B53572321B7AC150018AEBB /* RoleViewController.swift */ = {isa = PBXFileReference; lastKnownFileType = sourcecode.swift; path = RoleViewController.swift; sourceTree = "<group>"; };
		9B53572521B7B97E0018AEBB /* Pokemon.swift */ = {isa = PBXFileReference; lastKnownFileType = sourcecode.swift; path = Pokemon.swift; sourceTree = "<group>"; };
/* End PBXFileReference section */

/* Begin PBXFrameworksBuildPhase section */
		9B53570921B7AB5A0018AEBB /* Frameworks */ = {
			isa = PBXFrameworksBuildPhase;
			buildActionMask = 2147483647;
			files = (
			);
			runOnlyForDeploymentPostprocessing = 0;
		};
/* End PBXFrameworksBuildPhase section */

/* Begin PBXGroup section */
		9B53570321B7AB5A0018AEBB = {
			isa = PBXGroup;
			children = (
				9B53570E21B7AB5A0018AEBB /* Pokemon */,
				9B53570D21B7AB5A0018AEBB /* Products */,
			);
			sourceTree = "<group>";
		};
		9B53570D21B7AB5A0018AEBB /* Products */ = {
			isa = PBXGroup;
			children = (
				9B53570C21B7AB5A0018AEBB /* Pokemom.app */,
			);
			name = Products;
			sourceTree = "<group>";
		};
		9B53570E21B7AB5A0018AEBB /* Pokemon */ = {
			isa = PBXGroup;
			children = (
				9B53570F21B7AB5A0018AEBB /* AppDelegate.swift */,
				9B53571121B7AB5A0018AEBB /* ViewController.swift */,
				9B53571321B7AB5A0018AEBB /* Main.storyboard */,
				9B53572121B7AC040018AEBB /* RolesTableViewController.swift */,
				9B53572321B7AC150018AEBB /* RoleViewController.swift */,
				9B53571621B7AB5C0018AEBB /* Assets.xcassets */,
				9B53572521B7B97E0018AEBB /* Pokemon.swift */,
				9B53571821B7AB5C0018AEBB /* LaunchScreen.storyboard */,
				9B53571B21B7AB5C0018AEBB /* Info.plist */,
			);
			path = Pokemon;
			sourceTree = "<group>";
		};
/* End PBXGroup section */

/* Begin PBXNativeTarget section */
		9B53570B21B7AB5A0018AEBB /* Pokemom */ = {
			isa = PBXNativeTarget;
			buildConfigurationList = 9B53571E21B7AB5C0018AEBB /* Build configuration list for PBXNativeTarget "Pokemom" */;
			buildPhases = (
				9B53570821B7AB5A0018AEBB /* Sources */,
				9B53570921B7AB5A0018AEBB /* Frameworks */,
				9B53570A21B7AB5A0018AEBB /* Resources */,
			);
			buildRules = (
			);
			dependencies = (
			);
			name = Pokemom;
			productName = Prepare;
			productReference = 9B53570C21B7AB5A0018AEBB /* Pokemom.app */;
			productType = "com.apple.product-type.application";
		};
/* End PBXNativeTarget section */

/* Begin PBXProject section */
		9B53570421B7AB5A0018AEBB /* Project object */ = {
			isa = PBXProject;
			attributes = {
				LastSwiftUpdateCheck = 1010;
				LastUpgradeCheck = 1010;
				ORGANIZATIONNAME = "SHIH-YING PAN";
				TargetAttributes = {
					9B53570B21B7AB5A0018AEBB = {
						CreatedOnToolsVersion = 10.1;
					};
				};
			};
			buildConfigurationList = 9B53570721B7AB5A0018AEBB /* Build configuration list for PBXProject "Pokemom" */;
			compatibilityVersion = "Xcode 9.3";
			developmentRegion = en;
			hasScannedForEncodings = 0;
			knownRegions = (
				en,
				Base,
			);
			mainGroup = 9B53570321B7AB5A0018AEBB;
			productRefGroup = 9B53570D21B7AB5A0018AEBB /* Products */;
			projectDirPath = "";
			projectRoot = "";
			targets = (
				9B53570B21B7AB5A0018AEBB /* Pokemom */,
			);
		};
/* End PBXProject section */

/* Begin PBXResourcesBuildPhase section */
		9B53570A21B7AB5A0018AEBB /* Resources */ = {
			isa = PBXResourcesBuildPhase;
			buildActionMask = 2147483647;
			files = (
				9B53571A21B7AB5C0018AEBB /* LaunchScreen.storyboard in Resources */,
				9B53571721B7AB5C0018AEBB /* Assets.xcassets in Resources */,
				9B53571521B7AB5A0018AEBB /* Main.storyboard in Resources */,
			);
			runOnlyForDeploymentPostprocessing = 0;
		};
/* End PBXResourcesBuildPhase section */

/* Begin PBXSourcesBuildPhase section */
		9B53570821B7AB5A0018AEBB /* Sources */ = {
			isa = PBXSourcesBuildPhase;
			buildActionMask = 2147483647;
			files = (
				9B53572421B7AC150018AEBB /* RoleViewController.swift in Sources */,
				9B53571221B7AB5A0018AEBB /* ViewController.swift in Sources */,
				9B53571021B7AB5A0018AEBB /* AppDelegate.swift in Sources */,
				9B53572221B7AC040018AEBB /* RolesTableViewController.swift in Sources */,
				9B53572621B7B97E0018AEBB /* Pokemon.swift in Sources */,
			);
			runOnlyForDeploymentPostprocessing = 0;
		};
/* End PBXSourcesBuildPhase section */

/* Begin PBXVariantGroup section */
		9B53571321B7AB5A0018AEBB /* Main.storyboard */ = {
			isa = PBXVariantGroup;
			children = (
				9B53571421B7AB5A0018AEBB /* Base */,
			);
			name = Main.storyboard;
			sourceTree = "<group>";
		};
		9B53571821B7AB5C0018AEBB /* LaunchScreen.storyboard */ = {
			isa = PBXVariantGroup;
			children = (
				9B53571921B7AB5C0018AEBB /* Base */,
			);
			name = LaunchScreen.storyboard;
			sourceTree = "<group>";
		};
/* End PBXVariantGroup section */

/* Begin XCBuildConfiguration section */
		9B53571C21B7AB5C0018AEBB /* Debug */ = {
			isa = XCBuildConfiguration;
			buildSettings = {
				ALWAYS_SEARCH_USER_PATHS = NO;
				CLANG_ANALYZER_NONNULL = YES;
				CLANG_ANALYZER_NUMBER_OBJECT_CONVERSION = YES_AGGRESSIVE;
				CLANG_CXX_LANGUAGE_STANDARD = "gnu++14";
				CLANG_CXX_LIBRARY = "libc++";
				CLANG_ENABLE_MODULES = YES;
				CLANG_ENABLE_OBJC_ARC = YES;
				CLANG_ENABLE_OBJC_WEAK = YES;
				CLANG_WARN_BLOCK_CAPTURE_AUTORELEASING = YES;
				CLANG_WARN_BOOL_CONVERSION = YES;
				CLANG_WARN_COMMA = YES;
				CLANG_WARN_CONSTANT_CONVERSION = YES;
				CLANG_WARN_DEPRECATED_OBJC_IMPLEMENTATIONS = YES;
				CLANG_WARN_DIRECT_OBJC_ISA_USAGE = YES_ERROR;
				CLANG_WARN_DOCUMENTATION_COMMENTS = YES;
				CLANG_WARN_EMPTY_BODY = YES;
				CLANG_WARN_ENUM_CONVERSION = YES;
				CLANG_WARN_INFINITE_RECURSION = YES;
				CLANG_WARN_INT_CONVERSION = YES;
				CLANG_WARN_NON_LITERAL_NULL_CONVERSION = YES;
				CLANG_WARN_OBJC_IMPLICIT_RETAIN_SELF = YES;
				CLANG_WARN_OBJC_LITERAL_CONVERSION = YES;
				CLANG_WARN_OBJC_ROOT_CLASS = YES_ERROR;
				CLANG_WARN_RANGE_LOOP_ANALYSIS = YES;
				CLANG_WARN_STRICT_PROTOTYPES = YES;
				CLANG_WARN_SUSPICIOUS_MOVE = YES;
				CLANG_WARN_UNGUARDED_AVAILABILITY = YES_AGGRESSIVE;
				CLANG_WARN_UNREACHABLE_CODE = YES;
				CLANG_WARN__DUPLICATE_METHOD_MATCH = YES;
				CODE_SIGN_IDENTITY = "iPhone Developer";
				COPY_PHASE_STRIP = NO;
				DEBUG_INFORMATION_FORMAT = dwarf;
				ENABLE_STRICT_OBJC_MSGSEND = YES;
				ENABLE_TESTABILITY = YES;
				GCC_C_LANGUAGE_STANDARD = gnu11;
				GCC_DYNAMIC_NO_PIC = NO;
				GCC_NO_COMMON_BLOCKS = YES;
				GCC_OPTIMIZATION_LEVEL = 0;
				GCC_PREPROCESSOR_DEFINITIONS = (
					"DEBUG=1",
					"$(inherited)",
				);
				GCC_WARN_64_TO_32_BIT_CONVERSION = YES;
				GCC_WARN_ABOUT_RETURN_TYPE = YES_ERROR;
				GCC_WARN_UNDECLARED_SELECTOR = YES;
				GCC_WARN_UNINITIALIZED_AUTOS = YES_AGGRESSIVE;
				GCC_WARN_UNUSED_FUNCTION = YES;
				GCC_WARN_UNUSED_VARIABLE = YES;
				IPHONEOS_DEPLOYMENT_TARGET = 12.1;
				MTL_ENABLE_DEBUG_INFO = INCLUDE_SOURCE;
				MTL_FAST_MATH = YES;
				ONLY_ACTIVE_ARCH = YES;
				SDKROOT = iphoneos;
				SWIFT_ACTIVE_COMPILATION_CONDITIONS = DEBUG;
				SWIFT_OPTIMIZATION_LEVEL = "-Onone";
			};
			name = Debug;
		};
		9B53571D21B7AB5C0018AEBB /* Release */ = {
			isa = XCBuildConfiguration;
			buildSettings = {
				ALWAYS_SEARCH_USER_PATHS = NO;
				CLANG_ANALYZER_NONNULL = YES;
				CLANG_ANALYZER_NUMBER_OBJECT_CONVERSION = YES_AGGRESSIVE;
				CLANG_CXX_LANGUAGE_STANDARD = "gnu++14";
				CLANG_CXX_LIBRARY = "libc++";
				CLANG_ENABLE_MODULES = YES;
				CLANG_ENABLE_OBJC_ARC = YES;
				CLANG_ENABLE_OBJC_WEAK = YES;
				CLANG_WARN_BLOCK_CAPTURE_AUTORELEASING = YES;
				CLANG_WARN_BOOL_CONVERSION = YES;
				CLANG_WARN_COMMA = YES;
				CLANG_WARN_CONSTANT_CONVERSION = YES;
				CLANG_WARN_DEPRECATED_OBJC_IMPLEMENTATIONS = YES;
				CLANG_WARN_DIRECT_OBJC_ISA_USAGE = YES_ERROR;
				CLANG_WARN_DOCUMENTATION_COMMENTS = YES;
				CLANG_WARN_EMPTY_BODY = YES;
				CLANG_WARN_ENUM_CONVERSION = YES;
				CLANG_WARN_INFINITE_RECURSION = YES;
				CLANG_WARN_INT_CONVERSION = YES;
				CLANG_WARN_NON_LITERAL_NULL_CONVERSION = YES;
				CLANG_WARN_OBJC_IMPLICIT_RETAIN_SELF = YES;
				CLANG_WARN_OBJC_LITERAL_CONVERSION = YES;
				CLANG_WARN_OBJC_ROOT_CLASS = YES_ERROR;
				CLANG_WARN_RANGE_LOOP_ANALYSIS = YES;
				CLANG_WARN_STRICT_PROTOTYPES = YES;
				CLANG_WARN_SUSPICIOUS_MOVE = YES;
				CLANG_WARN_UNGUARDED_AVAILABILITY = YES_AGGRESSIVE;
				CLANG_WARN_UNREACHABLE_CODE = YES;
				CLANG_WARN__DUPLICATE_METHOD_MATCH = YES;
				CODE_SIGN_IDENTITY = "iPhone Developer";
				COPY_PHASE_STRIP = NO;
				DEBUG_INFORMATION_FORMAT = "dwarf-with-dsym";
				ENABLE_NS_ASSERTIONS = NO;
				ENABLE_STRICT_OBJC_MSGSEND = YES;
				GCC_C_LANGUAGE_STANDARD = gnu11;
				GCC_NO_COMMON_BLOCKS = YES;
				GCC_WARN_64_TO_32_BIT_CONVERSION = YES;
				GCC_WARN_ABOUT_RETURN_TYPE = YES_ERROR;
				GCC_WARN_UNDECLARED_SELECTOR = YES;
				GCC_WARN_UNINITIALIZED_AUTOS = YES_AGGRESSIVE;
				GCC_WARN_UNUSED_FUNCTION = YES;
				GCC_WARN_UNUSED_VARIABLE = YES;
				IPHONEOS_DEPLOYMENT_TARGET = 12.1;
				MTL_ENABLE_DEBUG_INFO = NO;
				MTL_FAST_MATH = YES;
				SDKROOT = iphoneos;
				SWIFT_COMPILATION_MODE = wholemodule;
				SWIFT_OPTIMIZATION_LEVEL = "-O";
				VALIDATE_PRODUCT = YES;
			};
			name = Release;
		};
		9B53571F21B7AB5C0018AEBB /* Debug */ = {
			isa = XCBuildConfiguration;
			buildSettings = {
				ASSETCATALOG_COMPILER_APPICON_NAME = AppIcon;
				CODE_SIGN_STYLE = Automatic;
				INFOPLIST_FILE = Prepare/Info.plist;
				LD_RUNPATH_SEARCH_PATHS = (
					"$(inherited)",
					"@executable_path/Frameworks",
				);
				PRODUCT_BUNDLE_IDENTIFIER = com.atilas.pokemon;
				PRODUCT_NAME = "$(TARGET_NAME)";
				SWIFT_VERSION = 4.2;
				TARGETED_DEVICE_FAMILY = "1,2";
			};
			name = Debug;
		};
		9B53572021B7AB5C0018AEBB /* Release */ = {
			isa = XCBuildConfiguration;
			buildSettings = {
				ASSETCATALOG_COMPILER_APPICON_NAME = AppIcon;
				CODE_SIGN_STYLE = Automatic;
				INFOPLIST_FILE = Prepare/Info.plist;
				LD_RUNPATH_SEARCH_PATHS = (
					"$(inherited)",
					"@executable_path/Frameworks",
				);
				PRODUCT_BUNDLE_IDENTIFIER = com.atilas.pokemon;
				PRODUCT_NAME = "$(TARGET_NAME)";
				SWIFT_VERSION = 4.2;
				TARGETED_DEVICE_FAMILY = "1,2";
			};
			name = Release;
		};
/* End XCBuildConfiguration section */

/* Begin XCConfigurationList section */
		9B53570721B7AB5A0018AEBB /* Build configuration list for PBXProject "Pokemom" */ = {
			isa = XCConfigurationList;
			buildConfigurations = (
				9B53571C21B7AB5C0018AEBB /* Debug */,
				9B53571D21B7AB5C0018AEBB /* Release */,
			);
			defaultConfigurationIsVisible = 0;
			defaultConfigurationName = Release;
		};
		9B53571E21B7AB5C0018AEBB /* Build configuration list for PBXNativeTarget "Pokemom" */ = {
			isa = XCConfigurationList;
			buildConfigurations = (
				9B53571F21B7AB5C0018AEBB /* Debug */,
				9B53572021B7AB5C0018AEBB /* Release */,
			);
			defaultConfigurationIsVisible = 0;
			defaultConfigurationName = Release;
		};
/* End XCConfigurationList section */
	};
	rootObject = 9B53570421B7AB5A0018AEBB /* Project object */;
}
